
Microsoft Visual Studio Solution File, Format Version 12.00
# Visual Studio Version 17
VisualStudioVersion = 17.7.34024.191
MinimumVisualStudioVersion = 10.0.40219.1
Project("{FAE04EC0-301F-11D3-BF4B-00C04F79EFBC}") = "cs2-server-maker", "cs2-server-maker.csproj", "{001A071B-71D3-48C3-8F66-947528A437C9}"
EndProject
Global
	GlobalSection(SolutionConfigurationPlatforms) = preSolution
		Debug|Any CPU = Debug|Any CPU
		Release|Any CPU = Release|Any CPU
	EndGlobalSection
	GlobalSection(ProjectConfigurationPlatforms) = postSolution
		{001A071B-71D3-48C3-8F66-947528A437C9}.Debug|Any CPU.ActiveCfg = Debug|Any CPU
		{001A071B-71D3-48C3-8F66-947528A437C9}.Debug|Any CPU.Build.0 = Debug|Any CPU
		{001A071B-71D3-48C3-8F66-947528A437C9}.Release|Any CPU.ActiveCfg = Release|Any CPU
		{001A071B-71D3-48C3-8F66-947528A437C9}.Release|Any CPU.Build.0 = Release|Any CPU
	EndGlobalSection
	GlobalSection(SolutionProperties) = preSolution
		HideSolutionNode = FALSE
	EndGlobalSection
	GlobalSection(ExtensibilityGlobals) = postSolution
		SolutionGuid = {C2B80EE7-EEBB-49F6-833B-469D7738BD7C}
	EndGlobalSection
EndGlobal
